Microsoft Visual Studio Solution File, Format Version 12.00
# Visual Studio 14
VisualStudioVersion = 14.0.25420.1
MinimumVisualStudioVersion = 10.0.40219.1
Project("{E24C65DC-7377-472B-9ABA-BC803B73C61A}") = "Fooseshoes.WebSite", "Fooseshoes.WebSite\", "{3A7162F4-032B-43CE-A7AC-A561C566227E}"
	ProjectSection(WebsiteProperties) = preProject
		TargetFrameworkMoniker = ".NETFramework,Version%3Dv4.5.2"
		Debug.AspNetCompiler.VirtualPath = "/localhost_23833"
		Debug.AspNetCompiler.PhysicalPath = "Fooseshoes.WebSite\"
		Debug.AspNetCompiler.TargetPath = "PrecompiledWeb\localhost_23833\"
		Debug.AspNetCompiler.Updateable = "true"
		Debug.AspNetCompiler.ForceOverwrite = "true"
		Debug.AspNetCompiler.FixedNames = "true"
		Debug.AspNetCompiler.Debug = "True"
		Release.AspNetCompiler.VirtualPath = "/localhost_23833"
		Release.AspNetCompiler.PhysicalPath = "Fooseshoes.WebSite\"
		Release.AspNetCompiler.TargetPath = "PrecompiledWeb\localhost_23833\"
		Release.AspNetCompiler.Updateable = "true"
		Release.AspNetCompiler.ForceOverwrite = "true"
		Release.AspNetCompiler.FixedNames = "true"
		Release.AspNetCompiler.Debug = "False"
		VWDPort = "23833"
		SlnRelativePath = "Fooseshoes.WebSite\"
		DefaultWebSiteLanguage = "Visual C#"
	EndProjectSection
EndProject
Project("{FAE04EC0-301F-11D3-BF4B-00C04F79EFBC}") = "Fooseshoes.WebApi", "Fooseshoes.WebApi\Fooseshoes.WebApi.csproj", "{CE341E48-C3E8-433C-B215-6B6F21A4A490}"
EndProject
Global
	GlobalSection(SolutionConfigurationPlatforms) = preSolution
		Debug|Any CPU = Debug|Any CPU
		Release|Any CPU = Release|Any CPU
	EndGlobalSection
	GlobalSection(ProjectConfigurationPlatforms) = postSolution
		{3A7162F4-032B-43CE-A7AC-A561C566227E}.Debug|Any CPU.ActiveCfg = Debug|Any CPU
		{3A7162F4-032B-43CE-A7AC-A561C566227E}.Debug|Any CPU.Build.0 = Debug|Any CPU
		{3A7162F4-032B-43CE-A7AC-A561C566227E}.Release|Any CPU.ActiveCfg = Debug|Any CPU
		{3A7162F4-032B-43CE-A7AC-A561C566227E}.Release|Any CPU.Build.0 = Debug|Any CPU
		{CE341E48-C3E8-433C-B215-6B6F21A4A490}.Debug|Any CPU.ActiveCfg = Debug|Any CPU
		{CE341E48-C3E8-433C-B215-6B6F21A4A490}.Debug|Any CPU.Build.0 = Debug|Any CPU
		{CE341E48-C3E8-433C-B215-6B6F21A4A490}.Release|Any CPU.ActiveCfg = Release|Any CPU
		{CE341E48-C3E8-433C-B215-6B6F21A4A490}.Release|Any CPU.Build.0 = Release|Any CPU
	EndGlobalSection
	GlobalSection(SolutionProperties) = preSolution
		HideSolutionNode = FALSE
	EndGlobalSection
EndGlobal
